
Microsoft Visual Studio Solution File, Format Version 12.00
# Visual Studio Version 17
VisualStudioVersion = 17.7.34031.279
MinimumVisualStudioVersion = 10.0.40219.1
Project("{9A19103F-16F7-4668-BE54-9A1E7A4F7556}") = "LibBiz", "LibBiz\LibBiz.csproj", "{44160EB6-9096-4AE8-8A63-A78AB23D1883}"
EndProject
Project("{9A19103F-16F7-4668-BE54-9A1E7A4F7556}") = "WebApi", "WebApi\WebApi.csproj", "{7DA83158-D475-4830-AC9E-44D291FE1500}"
EndProject
Project("{9A19103F-16F7-4668-BE54-9A1E7A4F7556}") = "UI", "UI\UI.csproj", "{BFDA49D1-F0C7-4208-A8A7-C9BDAB7D38B3}"
EndProject
Global
	GlobalSection(SolutionConfigurationPlatforms) = preSolution
		Debug|Any CPU = Debug|Any CPU
		Release|Any CPU = Release|Any CPU
	EndGlobalSection
	GlobalSection(ProjectConfigurationPlatforms) = postSolution
		{44160EB6-9096-4AE8-8A63-A78AB23D1883}.Debug|Any CPU.ActiveCfg = Debug|Any CPU
		{44160EB6-9096-4AE8-8A63-A78AB23D1883}.Debug|Any CPU.Build.0 = Debug|Any CPU
		{44160EB6-9096-4AE8-8A63-A78AB23D1883}.Release|Any CPU.ActiveCfg = Release|Any CPU
		{44160EB6-9096-4AE8-8A63-A78AB23D1883}.Release|Any CPU.Build.0 = Release|Any CPU
		{7DA83158-D475-4830-AC9E-44D291FE1500}.Debug|Any CPU.ActiveCfg = Debug|Any CPU
		{7DA83158-D475-4830-AC9E-44D291FE1500}.Debug|Any CPU.Build.0 = Debug|Any CPU
		{7DA83158-D475-4830-AC9E-44D291FE1500}.Release|Any CPU.ActiveCfg = Release|Any CPU
		{7DA83158-D475-4830-AC9E-44D291FE1500}.Release|Any CPU.Build.0 = Release|Any CPU
		{BFDA49D1-F0C7-4208-A8A7-C9BDAB7D38B3}.Debug|Any CPU.ActiveCfg = Debug|Any CPU
		{BFDA49D1-F0C7-4208-A8A7-C9BDAB7D38B3}.Debug|Any CPU.Build.0 = Debug|Any CPU
		{BFDA49D1-F0C7-4208-A8A7-C9BDAB7D38B3}.Release|Any CPU.ActiveCfg = Release|Any CPU
		{BFDA49D1-F0C7-4208-A8A7-C9BDAB7D38B3}.Release|Any CPU.Build.0 = Release|Any CPU
	EndGlobalSection
	GlobalSection(SolutionProperties) = preSolution
		HideSolutionNode = FALSE
	EndGlobalSection
	GlobalSection(ExtensibilityGlobals) = postSolution
		SolutionGuid = {CE531F12-7593-4D08-AA94-EBBD4D48B88D}
	EndGlobalSection
EndGlobal
